
Microsoft Visual Studio Solution File, Format Version 12.00
# Visual Studio Version 17
VisualStudioVersion = 17.13.35806.99 d17.13
MinimumVisualStudioVersion = 10.0.40219.1
Project("{888888A0-9F3D-457C-B088-3A5042F75D52}") = "Product1_0_v3", "Product1_0_v3.pyproj", "{C4726208-7972-4F35-9036-19CB1EC013CB}"
EndProject
Global
	GlobalSection(SolutionConfigurationPlatforms) = preSolution
		Debug|Any CPU = Debug|Any CPU
		Release|Any CPU = Release|Any CPU
	EndGlobalSection
	GlobalSection(ProjectConfigurationPlatforms) = postSolution
		{C4726208-7972-4F35-9036-19CB1EC013CB}.Debug|Any CPU.ActiveCfg = Debug|Any CPU
		{C4726208-7972-4F35-9036-19CB1EC013CB}.Release|Any CPU.ActiveCfg = Release|Any CPU
	EndGlobalSection
	GlobalSection(SolutionProperties) = preSolution
		HideSolutionNode = FALSE
	EndGlobalSection
	GlobalSection(ExtensibilityGlobals) = postSolution
		SolutionGuid = {E1AEF74F-18A9-4288-8F97-27B62319A9E6}
	EndGlobalSection
EndGlobal
